
Microsoft Visual Studio Solution File, Format Version 12.00
# Visual Studio 15
VisualStudioVersion = 15.0.26228.9
MinimumVisualStudioVersion = 10.0.40219.1
Project("{FAE04EC0-301F-11D3-BF4B-00C04F79EFBC}") = "RomanNumeralConverter", "RomanNumeralConverter\RomanNumeralConverter.csproj", "{09CEFAD7-1089-4B7C-919A-6D9CD9C8F748}"
EndProject
Project("{9A19103F-16F7-4668-BE54-9A1E7A4F7556}") = "RomanNumeralConverter.Tests", "RomanNumeralConverter.Tests\RomanNumeralConverter.Tests.csproj", "{B460E589-1806-4021-8149-93D1FD110960}"
EndProject
Project("{FAE04EC0-301F-11D3-BF4B-00C04F79EFBC}") = "RomanNumeralConverter.API", "RomanNumeralConverter.API\RomanNumeralConverter.API.csproj", "{83D55424-F217-4849-8ECB-E258A0C3969E}"
EndProject
Project("{FAE04EC0-301F-11D3-BF4B-00C04F79EFBC}") = "RomanNumeralConverter.API.Tests", "RomanNumeralConverter.API.Tests\RomanNumeralConverter.API.Tests.csproj", "{627303FB-FA6E-4CFA-8382-5F545135149B}"
EndProject
Global
	GlobalSection(SolutionConfigurationPlatforms) = preSolution
		Debug|Any CPU = Debug|Any CPU
		Release|Any CPU = Release|Any CPU
	EndGlobalSection
	GlobalSection(ProjectConfigurationPlatforms) = postSolution
		{09CEFAD7-1089-4B7C-919A-6D9CD9C8F748}.Debug|Any CPU.ActiveCfg = Debug|Any CPU
		{09CEFAD7-1089-4B7C-919A-6D9CD9C8F748}.Debug|Any CPU.Build.0 = Debug|Any CPU
		{09CEFAD7-1089-4B7C-919A-6D9CD9C8F748}.Release|Any CPU.ActiveCfg = Release|Any CPU
		{09CEFAD7-1089-4B7C-919A-6D9CD9C8F748}.Release|Any CPU.Build.0 = Release|Any CPU
		{B460E589-1806-4021-8149-93D1FD110960}.Debug|Any CPU.ActiveCfg = Debug|Any CPU
		{B460E589-1806-4021-8149-93D1FD110960}.Debug|Any CPU.Build.0 = Debug|Any CPU
		{B460E589-1806-4021-8149-93D1FD110960}.Release|Any CPU.ActiveCfg = Release|Any CPU
		{B460E589-1806-4021-8149-93D1FD110960}.Release|Any CPU.Build.0 = Release|Any CPU
		{83D55424-F217-4849-8ECB-E258A0C3969E}.Debug|Any CPU.ActiveCfg = Debug|Any CPU
		{83D55424-F217-4849-8ECB-E258A0C3969E}.Debug|Any CPU.Build.0 = Debug|Any CPU
		{83D55424-F217-4849-8ECB-E258A0C3969E}.Release|Any CPU.ActiveCfg = Release|Any CPU
		{83D55424-F217-4849-8ECB-E258A0C3969E}.Release|Any CPU.Build.0 = Release|Any CPU
		{627303FB-FA6E-4CFA-8382-5F545135149B}.Debug|Any CPU.ActiveCfg = Debug|Any CPU
		{627303FB-FA6E-4CFA-8382-5F545135149B}.Debug|Any CPU.Build.0 = Debug|Any CPU
		{627303FB-FA6E-4CFA-8382-5F545135149B}.Release|Any CPU.ActiveCfg = Release|Any CPU
		{627303FB-FA6E-4CFA-8382-5F545135149B}.Release|Any CPU.Build.0 = Release|Any CPU
	EndGlobalSection
	GlobalSection(SolutionProperties) = preSolution
		HideSolutionNode = FALSE
	EndGlobalSection
EndGlobal
